
Microsoft Visual Studio Solution File, Format Version 12.00
# Visual Studio 15
VisualStudioVersion = 15.0.27703.2026
MinimumVisualStudioVersion = 10.0.40219.1
Project("{FAE04EC0-301F-11D3-BF4B-00C04F79EFBC}") = "MusicLibraryApp", "MusicLibraryApp\MusicLibraryApp.csproj", "{FBA0CD84-DFE6-4D15-A666-C8FF5C52101A}"
EndProject
Global
	GlobalSection(SolutionConfigurationPlatforms) = preSolution
		Debug|ARM = Debug|ARM
		Debug|x64 = Debug|x64
		Debug|x86 = Debug|x86
		Release|ARM = Release|ARM
		Release|x64 = Release|x64
		Release|x86 = Release|x86
	EndGlobalSection
	GlobalSection(ProjectConfigurationPlatforms) = postSolution
		{FBA0CD84-DFE6-4D15-A666-C8FF5C52101A}.Debug|ARM.ActiveCfg = Debug|ARM
		{FBA0CD84-DFE6-4D15-A666-C8FF5C52101A}.Debug|ARM.Build.0 = Debug|ARM
		{FBA0CD84-DFE6-4D15-A666-C8FF5C52101A}.Debug|ARM.Deploy.0 = Debug|ARM
		{FBA0CD84-DFE6-4D15-A666-C8FF5C52101A}.Debug|x64.ActiveCfg = Debug|x64
		{FBA0CD84-DFE6-4D15-A666-C8FF5C52101A}.Debug|x64.Build.0 = Debug|x64
		{FBA0CD84-DFE6-4D15-A666-C8FF5C52101A}.Debug|x64.Deploy.0 = Debug|x64
		{FBA0CD84-DFE6-4D15-A666-C8FF5C52101A}.Debug|x86.ActiveCfg = Debug|x86
		{FBA0CD84-DFE6-4D15-A666-C8FF5C52101A}.Debug|x86.Build.0 = Debug|x86
		{FBA0CD84-DFE6-4D15-A666-C8FF5C52101A}.Debug|x86.Deploy.0 = Debug|x86
		{FBA0CD84-DFE6-4D15-A666-C8FF5C52101A}.Release|ARM.ActiveCfg = Release|ARM
		{FBA0CD84-DFE6-4D15-A666-C8FF5C52101A}.Release|ARM.Build.0 = Release|ARM
		{FBA0CD84-DFE6-4D15-A666-C8FF5C52101A}.Release|ARM.Deploy.0 = Release|ARM
		{FBA0CD84-DFE6-4D15-A666-C8FF5C52101A}.Release|x64.ActiveCfg = Release|x64
		{FBA0CD84-DFE6-4D15-A666-C8FF5C52101A}.Release|x64.Build.0 = Release|x64
		{FBA0CD84-DFE6-4D15-A666-C8FF5C52101A}.Release|x64.Deploy.0 = Release|x64
		{FBA0CD84-DFE6-4D15-A666-C8FF5C52101A}.Release|x86.ActiveCfg = Release|x86
		{FBA0CD84-DFE6-4D15-A666-C8FF5C52101A}.Release|x86.Build.0 = Release|x86
		{FBA0CD84-DFE6-4D15-A666-C8FF5C52101A}.Release|x86.Deploy.0 = Release|x86
	EndGlobalSection
	GlobalSection(SolutionProperties) = preSolution
		HideSolutionNode = FALSE
	EndGlobalSection
	GlobalSection(ExtensibilityGlobals) = postSolution
		SolutionGuid = {33071C6D-1EF9-403A-8326-41C456F916B5}
	EndGlobalSection
EndGlobal
